
Microsoft Visual Studio Solution File, Format Version 12.00
# Visual Studio Version 16
VisualStudioVersion = 16.0.32002.261
MinimumVisualStudioVersion = 10.0.40219.1
Project("{FAE04EC0-301F-11D3-BF4B-00C04F79EFBC}") = "SkiCareHMSReport", "SkiCareHMSReport\SkiCareHMSReport.csproj", "{C9812815-8618-42D3-BAB2-A3632C31D3C9}"
EndProject
Global
	GlobalSection(SolutionConfigurationPlatforms) = preSolution
		Debug|Any CPU = Debug|Any CPU
		Release|Any CPU = Release|Any CPU
	EndGlobalSection
	GlobalSection(ProjectConfigurationPlatforms) = postSolution
		{C9812815-8618-42D3-BAB2-A3632C31D3C9}.Debug|Any CPU.ActiveCfg = Debug|Any CPU
		{C9812815-8618-42D3-BAB2-A3632C31D3C9}.Debug|Any CPU.Build.0 = Debug|Any CPU
		{C9812815-8618-42D3-BAB2-A3632C31D3C9}.Release|Any CPU.ActiveCfg = Release|Any CPU
		{C9812815-8618-42D3-BAB2-A3632C31D3C9}.Release|Any CPU.Build.0 = Release|Any CPU
	EndGlobalSection
	GlobalSection(SolutionProperties) = preSolution
		HideSolutionNode = FALSE
	EndGlobalSection
	GlobalSection(ExtensibilityGlobals) = postSolution
		SolutionGuid = {99E0391C-D736-4677-A524-4491C82DD21A}
	EndGlobalSection
EndGlobal
